
Microsoft Visual Studio Solution File, Format Version 12.00
# Visual Studio 15
VisualStudioVersion = 15.0.28010.2036
MinimumVisualStudioVersion = 10.0.40219.1
Project("{FAE04EC0-301F-11D3-BF4B-00C04F79EFBC}") = "MvcMovie", "MvcMovie\MvcMovie.csproj", "{AEA7B3E3-BC7A-4D81-9B97-5A4893195784}"
EndProject
Global
	GlobalSection(SolutionConfigurationPlatforms) = preSolution
		Debug|Any CPU = Debug|Any CPU
		Release|Any CPU = Release|Any CPU
	EndGlobalSection
	GlobalSection(ProjectConfigurationPlatforms) = postSolution
		{AEA7B3E3-BC7A-4D81-9B97-5A4893195784}.Debug|Any CPU.ActiveCfg = Debug|Any CPU
		{AEA7B3E3-BC7A-4D81-9B97-5A4893195784}.Debug|Any CPU.Build.0 = Debug|Any CPU
		{AEA7B3E3-BC7A-4D81-9B97-5A4893195784}.Release|Any CPU.ActiveCfg = Release|Any CPU
		{AEA7B3E3-BC7A-4D81-9B97-5A4893195784}.Release|Any CPU.Build.0 = Release|Any CPU
	EndGlobalSection
	GlobalSection(SolutionProperties) = preSolution
		HideSolutionNode = FALSE
	EndGlobalSection
	GlobalSection(ExtensibilityGlobals) = postSolution
		SolutionGuid = {BD1B7C10-B62E-4745-BF7C-EEE2C64CAA72}
	EndGlobalSection
EndGlobal
